
Microsoft Visual Studio Solution File, Format Version 12.00
# Visual Studio Version 17
VisualStudioVersion = 17.5.33627.172
MinimumVisualStudioVersion = 10.0.40219.1
Project("{6EC3EE1D-3C4E-46DD-8F32-0CC8E7565705}") = "Equation", "Equation.fsproj", "{777A6CA1-CC2A-44E4-805B-0E7DB2684284}"
EndProject
Project("{6EC3EE1D-3C4E-46DD-8F32-0CC8E7565705}") = "ListVec", "..\ListVec\ListVec.fsproj", "{9CE27510-6E49-4270-A760-09CB0D34DE2A}"
EndProject
Global
	GlobalSection(SolutionConfigurationPlatforms) = preSolution
		Debug|Any CPU = Debug|Any CPU
		Release|Any CPU = Release|Any CPU
	EndGlobalSection
	GlobalSection(ProjectConfigurationPlatforms) = postSolution
		{777A6CA1-CC2A-44E4-805B-0E7DB2684284}.Debug|Any CPU.ActiveCfg = Debug|Any CPU
		{777A6CA1-CC2A-44E4-805B-0E7DB2684284}.Debug|Any CPU.Build.0 = Debug|Any CPU
		{777A6CA1-CC2A-44E4-805B-0E7DB2684284}.Release|Any CPU.ActiveCfg = Release|Any CPU
		{777A6CA1-CC2A-44E4-805B-0E7DB2684284}.Release|Any CPU.Build.0 = Release|Any CPU
		{9CE27510-6E49-4270-A760-09CB0D34DE2A}.Debug|Any CPU.ActiveCfg = Debug|Any CPU
		{9CE27510-6E49-4270-A760-09CB0D34DE2A}.Debug|Any CPU.Build.0 = Debug|Any CPU
		{9CE27510-6E49-4270-A760-09CB0D34DE2A}.Release|Any CPU.ActiveCfg = Release|Any CPU
		{9CE27510-6E49-4270-A760-09CB0D34DE2A}.Release|Any CPU.Build.0 = Release|Any CPU
	EndGlobalSection
	GlobalSection(SolutionProperties) = preSolution
		HideSolutionNode = FALSE
	EndGlobalSection
	GlobalSection(ExtensibilityGlobals) = postSolution
		SolutionGuid = {6B567401-3A4D-4648-B91E-C96BFD3A90E8}
	EndGlobalSection
EndGlobal
